
Microsoft Visual Studio Solution File, Format Version 12.00
# Visual Studio 15
VisualStudioVersion = 15.0.34031.82
MinimumVisualStudioVersion = 10.0.40219.1
Project("{8BC9CEB8-8B4A-11D0-8D11-00A0C91BC942}") = "3.17", "3.17\3.17.vcxproj", "{1D7D4917-ABAA-4B62-9348-C6141F8AF0BC}"
EndProject
Global
	GlobalSection(SolutionConfigurationPlatforms) = preSolution
		Debug|x64 = Debug|x64
		Debug|x86 = Debug|x86
		Release|x64 = Release|x64
		Release|x86 = Release|x86
	EndGlobalSection
	GlobalSection(ProjectConfigurationPlatforms) = postSolution
		{1D7D4917-ABAA-4B62-9348-C6141F8AF0BC}.Debug|x64.ActiveCfg = Debug|x64
		{1D7D4917-ABAA-4B62-9348-C6141F8AF0BC}.Debug|x64.Build.0 = Debug|x64
		{1D7D4917-ABAA-4B62-9348-C6141F8AF0BC}.Debug|x86.ActiveCfg = Debug|Win32
		{1D7D4917-ABAA-4B62-9348-C6141F8AF0BC}.Debug|x86.Build.0 = Debug|Win32
		{1D7D4917-ABAA-4B62-9348-C6141F8AF0BC}.Release|x64.ActiveCfg = Release|x64
		{1D7D4917-ABAA-4B62-9348-C6141F8AF0BC}.Release|x64.Build.0 = Release|x64
		{1D7D4917-ABAA-4B62-9348-C6141F8AF0BC}.Release|x86.ActiveCfg = Release|Win32
		{1D7D4917-ABAA-4B62-9348-C6141F8AF0BC}.Release|x86.Build.0 = Release|Win32
	EndGlobalSection
	GlobalSection(SolutionProperties) = preSolution
		HideSolutionNode = FALSE
	EndGlobalSection
	GlobalSection(ExtensibilityGlobals) = postSolution
		SolutionGuid = {314D189F-912F-404D-9C82-E37195B62546}
	EndGlobalSection
EndGlobal
